
Microsoft Visual Studio Solution File, Format Version 12.00
# Visual Studio Version 17
VisualStudioVersion = 17.0.32014.148
MinimumVisualStudioVersion = 10.0.40219.1
Project("{FAE04EC0-301F-11D3-BF4B-00C04F79EFBC}") = "lab1", "lab1\lab1.csproj", "{3116E911-750B-417E-8048-EFBA3E052A5D}"
EndProject
Global
	GlobalSection(SolutionConfigurationPlatforms) = preSolution
		Debug|Any CPU = Debug|Any CPU
		Release|Any CPU = Release|Any CPU
	EndGlobalSection
	GlobalSection(ProjectConfigurationPlatforms) = postSolution
		{3116E911-750B-417E-8048-EFBA3E052A5D}.Debug|Any CPU.ActiveCfg = Debug|Any CPU
		{3116E911-750B-417E-8048-EFBA3E052A5D}.Debug|Any CPU.Build.0 = Debug|Any CPU
		{3116E911-750B-417E-8048-EFBA3E052A5D}.Release|Any CPU.ActiveCfg = Release|Any CPU
		{3116E911-750B-417E-8048-EFBA3E052A5D}.Release|Any CPU.Build.0 = Release|Any CPU
	EndGlobalSection
	GlobalSection(SolutionProperties) = preSolution
		HideSolutionNode = FALSE
	EndGlobalSection
	GlobalSection(ExtensibilityGlobals) = postSolution
		SolutionGuid = {E2FEC306-04E4-426F-BC56-250BCB147EC1}
	EndGlobalSection
EndGlobal
